
Microsoft Visual Studio Solution File, Format Version 12.00
# Visual Studio Version 17
VisualStudioVersion = 17.8.34408.163
MinimumVisualStudioVersion = 10.0.40219.1
Project("{2150E333-8FDC-42A3-9474-1A3956D46DE8}") = "Src", "Src", "{E47A6AAD-55F1-4DE4-A6FB-3EC8305EA7F1}"
EndProject
Project("{2150E333-8FDC-42A3-9474-1A3956D46DE8}") = "00.Pakages", "00.Pakages", "{06A9483D-0625-41DE-A7AE-4AC1FAB749B8}"
EndProject
Project("{2150E333-8FDC-42A3-9474-1A3956D46DE8}") = "01.Core", "01.Core", "{124E17D9-99E8-44D7-8158-5BA02434EDBC}"
EndProject
Project("{2150E333-8FDC-42A3-9474-1A3956D46DE8}") = "02.infrastructure", "02.infrastructure", "{9295FC8B-1201-4691-A4DC-19824F22E69C}"
EndProject
Project("{2150E333-8FDC-42A3-9474-1A3956D46DE8}") = "03.Presentation", "03.Presentation", "{1BD668E5-1A54-4E3B-A6C7-6AF79F56D64B}"
EndProject
Project("{9A19103F-16F7-4668-BE54-9A1E7A4F7556}") = "Football.Entitis", "Librari.Entitis\Football.Entitis.csproj", "{FD16C6EA-BC09-418A-9B9A-F82B667B0E27}"
EndProject
Project("{9A19103F-16F7-4668-BE54-9A1E7A4F7556}") = "Football.Services", "Library.Services\Football.Services.csproj", "{7838BC32-48B9-41F6-B747-369380909CC7}"
EndProject
Project("{9A19103F-16F7-4668-BE54-9A1E7A4F7556}") = "Football.infrastructure", "Library.infrastructure\Football.infrastructure.csproj", "{1AA514FC-FF40-48CB-BD3D-31CF30E882AD}"
EndProject
Project("{9A19103F-16F7-4668-BE54-9A1E7A4F7556}") = "Football.Persistence.Ef", "Library.Persistence.Ef\Football.Persistence.Ef.csproj", "{9654C414-9390-4DF6-AFF2-996279C4462B}"
EndProject
Project("{9A19103F-16F7-4668-BE54-9A1E7A4F7556}") = "Football.Migrationss", "Library.Migrationsz\Football.Migrationss.csproj", "{5CA4BC50-A216-455B-B6A8-EFB4ABBF4C63}"
EndProject
Project("{9A19103F-16F7-4668-BE54-9A1E7A4F7556}") = "Football.RestApi", "Library.RestApi\Football.RestApi.csproj", "{6CD287C5-65A2-43DA-BBC8-B903E3F2E799}"
EndProject
Project("{9A19103F-16F7-4668-BE54-9A1E7A4F7556}") = "Taav.Contracts", "Taav.Contracts\Taav.Contracts.csproj", "{0539B760-DAC6-4204-9E7A-6B3F045E1D7E}"
EndProject
Global
	GlobalSection(SolutionConfigurationPlatforms) = preSolution
		Debug|Any CPU = Debug|Any CPU
		Release|Any CPU = Release|Any CPU
	EndGlobalSection
	GlobalSection(ProjectConfigurationPlatforms) = postSolution
		{FD16C6EA-BC09-418A-9B9A-F82B667B0E27}.Debug|Any CPU.ActiveCfg = Debug|Any CPU
		{FD16C6EA-BC09-418A-9B9A-F82B667B0E27}.Debug|Any CPU.Build.0 = Debug|Any CPU
		{FD16C6EA-BC09-418A-9B9A-F82B667B0E27}.Release|Any CPU.ActiveCfg = Release|Any CPU
		{FD16C6EA-BC09-418A-9B9A-F82B667B0E27}.Release|Any CPU.Build.0 = Release|Any CPU
		{7838BC32-48B9-41F6-B747-369380909CC7}.Debug|Any CPU.ActiveCfg = Debug|Any CPU
		{7838BC32-48B9-41F6-B747-369380909CC7}.Debug|Any CPU.Build.0 = Debug|Any CPU
		{7838BC32-48B9-41F6-B747-369380909CC7}.Release|Any CPU.ActiveCfg = Release|Any CPU
		{7838BC32-48B9-41F6-B747-369380909CC7}.Release|Any CPU.Build.0 = Release|Any CPU
		{1AA514FC-FF40-48CB-BD3D-31CF30E882AD}.Debug|Any CPU.ActiveCfg = Debug|Any CPU
		{1AA514FC-FF40-48CB-BD3D-31CF30E882AD}.Debug|Any CPU.Build.0 = Debug|Any CPU
		{1AA514FC-FF40-48CB-BD3D-31CF30E882AD}.Release|Any CPU.ActiveCfg = Release|Any CPU
		{1AA514FC-FF40-48CB-BD3D-31CF30E882AD}.Release|Any CPU.Build.0 = Release|Any CPU
		{9654C414-9390-4DF6-AFF2-996279C4462B}.Debug|Any CPU.ActiveCfg = Debug|Any CPU
		{9654C414-9390-4DF6-AFF2-996279C4462B}.Debug|Any CPU.Build.0 = Debug|Any CPU
		{9654C414-9390-4DF6-AFF2-996279C4462B}.Release|Any CPU.ActiveCfg = Release|Any CPU
		{9654C414-9390-4DF6-AFF2-996279C4462B}.Release|Any CPU.Build.0 = Release|Any CPU
		{5CA4BC50-A216-455B-B6A8-EFB4ABBF4C63}.Debug|Any CPU.ActiveCfg = Debug|Any CPU
		{5CA4BC50-A216-455B-B6A8-EFB4ABBF4C63}.Debug|Any CPU.Build.0 = Debug|Any CPU
		{5CA4BC50-A216-455B-B6A8-EFB4ABBF4C63}.Release|Any CPU.ActiveCfg = Release|Any CPU
		{5CA4BC50-A216-455B-B6A8-EFB4ABBF4C63}.Release|Any CPU.Build.0 = Release|Any CPU
		{6CD287C5-65A2-43DA-BBC8-B903E3F2E799}.Debug|Any CPU.ActiveCfg = Debug|Any CPU
		{6CD287C5-65A2-43DA-BBC8-B903E3F2E799}.Debug|Any CPU.Build.0 = Debug|Any CPU
		{6CD287C5-65A2-43DA-BBC8-B903E3F2E799}.Release|Any CPU.ActiveCfg = Release|Any CPU
		{6CD287C5-65A2-43DA-BBC8-B903E3F2E799}.Release|Any CPU.Build.0 = Release|Any CPU
		{0539B760-DAC6-4204-9E7A-6B3F045E1D7E}.Debug|Any CPU.ActiveCfg = Debug|Any CPU
		{0539B760-DAC6-4204-9E7A-6B3F045E1D7E}.Debug|Any CPU.Build.0 = Debug|Any CPU
		{0539B760-DAC6-4204-9E7A-6B3F045E1D7E}.Release|Any CPU.ActiveCfg = Release|Any CPU
		{0539B760-DAC6-4204-9E7A-6B3F045E1D7E}.Release|Any CPU.Build.0 = Release|Any CPU
	EndGlobalSection
	GlobalSection(SolutionProperties) = preSolution
		HideSolutionNode = FALSE
	EndGlobalSection
	GlobalSection(NestedProjects) = preSolution
		{06A9483D-0625-41DE-A7AE-4AC1FAB749B8} = {E47A6AAD-55F1-4DE4-A6FB-3EC8305EA7F1}
		{124E17D9-99E8-44D7-8158-5BA02434EDBC} = {E47A6AAD-55F1-4DE4-A6FB-3EC8305EA7F1}
		{9295FC8B-1201-4691-A4DC-19824F22E69C} = {E47A6AAD-55F1-4DE4-A6FB-3EC8305EA7F1}
		{1BD668E5-1A54-4E3B-A6C7-6AF79F56D64B} = {E47A6AAD-55F1-4DE4-A6FB-3EC8305EA7F1}
		{FD16C6EA-BC09-418A-9B9A-F82B667B0E27} = {124E17D9-99E8-44D7-8158-5BA02434EDBC}
		{7838BC32-48B9-41F6-B747-369380909CC7} = {124E17D9-99E8-44D7-8158-5BA02434EDBC}
		{1AA514FC-FF40-48CB-BD3D-31CF30E882AD} = {9295FC8B-1201-4691-A4DC-19824F22E69C}
		{9654C414-9390-4DF6-AFF2-996279C4462B} = {9295FC8B-1201-4691-A4DC-19824F22E69C}
		{5CA4BC50-A216-455B-B6A8-EFB4ABBF4C63} = {9295FC8B-1201-4691-A4DC-19824F22E69C}
		{6CD287C5-65A2-43DA-BBC8-B903E3F2E799} = {1BD668E5-1A54-4E3B-A6C7-6AF79F56D64B}
		{0539B760-DAC6-4204-9E7A-6B3F045E1D7E} = {06A9483D-0625-41DE-A7AE-4AC1FAB749B8}
	EndGlobalSection
	GlobalSection(ExtensibilityGlobals) = postSolution
		SolutionGuid = {19A5BE93-BC9C-4B76-AE41-76A1FCD667B0}
	EndGlobalSection
EndGlobal
